PODS:
  - Alamofire (4.7.3)
  - Freddy (3.0.3)
  - JWTDecode (2.1.1)
  - UICKeyChainStore (2.1.1)
  - WaltzAccess (0.2.2):
    - Alamofire
    - Freddy
    - JWTDecode
    - UICKeyChainStore

DEPENDENCIES:
  - WaltzAccess

SPEC REPOS:
  https://github.com/cocoapods/specs.git:
    - Alamofire
    - Freddy
    - JWTDecode
    - UICKeyChainStore
  https://github.com/WaltzApp/Podspecs.git:
    - WaltzAccess

SPEC CHECKSUMS:
  Alamofire: c7287b6e5d7da964a70935e5db17046b7fde6568
  Freddy: 7c62db262a0d0e3b3e2b8b40f2c0cc51e122fbc4
  JWTDecode: 83e8b381aafe27158d9f692cbdca2b12d61d460c
  UICKeyChainStore: 239558492fa260531a0774cfc611ea83a6eaff3a
  WaltzAccess: a2fe47e58d93485741ce7ad61be903ba32c50b82

PODFILE CHECKSUM: 9b2ad54b0ff7bc533156ac22fae2c63ba257ccdc

COCOAPODS: 1.6.0.beta.1
