PODS:
  - Alamofire (4.7.3)
  - Freddy (3.0.3)
  - JWTDecode (2.1.1)
  - UICKeyChainStore (2.1.1)
  - WaltzAccess (0.2.6):
    - Alamofire
    - Freddy
    - JWTDecode
    - UICKeyChainStore

DEPENDENCIES:
  - WaltzAccess

SPEC REPOS:
  https://github.com/cocoapods/specs.git:
    - Alamofire
    - Freddy
    - JWTDecode
    - UICKeyChainStore
  https://github.com/WaltzApp/Podspecs-SNAPSHOT.git:
    - WaltzAccess

SPEC CHECKSUMS:
  Alamofire: c7287b6e5d7da964a70935e5db17046b7fde6568
  Freddy: 7c62db262a0d0e3b3e2b8b40f2c0cc51e122fbc4
  JWTDecode: 83e8b381aafe27158d9f692cbdca2b12d61d460c
  UICKeyChainStore: 239558492fa260531a0774cfc611ea83a6eaff3a
  WaltzAccess: 844b53f463b43eb02a58ccd99345baae164acd58

PODFILE CHECKSUM: eac42096034cd4adf1068fd70ab293b1c9cd466b

COCOAPODS: 1.5.3
